// !$*UTF8*$!
{
	archiveVersion = 1;
	classes = {
	};
	objectVersion = 55;
	objects = {

/* Begin PBXBuildFile section */
		9D394B8527C0FCDB006B6B62 /* AppDelegate.swift in Sources */ = {isa = PBXBuildFile; fileRef = 9D394B8427C0FCDB006B6B62 /* AppDelegate.swift */; };
		9D394B8727C0FCDB006B6B62 /* SceneDelegate.swift in Sources */ = {isa = PBXBuildFile; fileRef = 9D394B8627C0FCDB006B6B62 /* SceneDelegate.swift */; };
		9D394B8927C0FCDB006B6B62 /* NotesViewController.swift in Sources */ = {isa = PBXBuildFile; fileRef = 9D394B8827C0FCDB006B6B62 /* NotesViewController.swift */; };
		9D394B8C27C0FCDB006B6B62 /* Main.storyboard in Resources */ = {isa = PBXBuildFile; fileRef = 9D394B8A27C0FCDB006B6B62 /* Main.storyboard */; };
		9D394B8E27C0FCDC006B6B62 /* Assets.xcassets in Resources */ = {isa = PBXBuildFile; fileRef = 9D394B8D27C0FCDC006B6B62 /* Assets.xcassets */; };
		9D394B9127C0FCDC006B6B62 /* LaunchScreen.storyboard in Resources */ = {isa = PBXBuildFile; fileRef = 9D394B8F27C0FCDC006B6B62 /* LaunchScreen.storyboard */; };
		9D394B9B27C0FD19006B6B62 /* CategoryViewController.swift in Sources */ = {isa = PBXBuildFile; fileRef = 9D394B9A27C0FD19006B6B62 /* CategoryViewController.swift */; };
		9D394B9F27C0FD57006B6B62 /* Item.swift in Sources */ = {isa = PBXBuildFile; fileRef = 9D394B9E27C0FD57006B6B62 /* Item.swift */; };
		9D394BA127C0FD64006B6B62 /* Category.swift in Sources */ = {isa = PBXBuildFile; fileRef = 9D394BA027C0FD64006B6B62 /* Category.swift */; };
		E613EA530D30A659AC4FFE02 /* Pods_Notes_Realm.framework in Frameworks */ = {isa = PBXBuildFile; fileRef = 985108808C19ABA6E1C013A5 /* Pods_Notes_Realm.framework */; };
/* End PBXBuildFile section */

/* Begin PBXFileReference section */
		985108808C19ABA6E1C013A5 /* Pods_Notes_Realm.framework */ = {isa = PBXFileReference; explicitFileType = wrapper.framework; includeInIndex = 0; path = Pods_Notes_Realm.framework; sourceTree = BUILT_PRODUCTS_DIR; };
		9D394B8127C0FCDB006B6B62 /* Notes-Realm.app */ = {isa = PBXFileReference; explicitFileType = wrapper.application; includeInIndex = 0; path = "Notes-Realm.app"; sourceTree = BUILT_PRODUCTS_DIR; };
		9D394B8427C0FCDB006B6B62 /* AppDelegate.swift */ = {isa = PBXFileReference; lastKnownFileType = sourcecode.swift; path = AppDelegate.swift; sourceTree = "<group>"; };
		9D394B8627C0FCDB006B6B62 /* SceneDelegate.swift */ = {isa = PBXFileReference; lastKnownFileType = sourcecode.swift; path = SceneDelegate.swift; sourceTree = "<group>"; };
		9D394B8827C0FCDB006B6B62 /* NotesViewController.swift */ = {isa = PBXFileReference; lastKnownFileType = sourcecode.swift; path = NotesViewController.swift; sourceTree = "<group>"; };
		9D394B8B27C0FCDB006B6B62 /* Base */ = {isa = PBXFileReference; lastKnownFileType = file.storyboard; name = Base; path = Base.lproj/Main.storyboard; sourceTree = "<group>"; };
		9D394B8D27C0FCDC006B6B62 /* Assets.xcassets */ = {isa = PBXFileReference; lastKnownFileType = folder.assetcatalog; path = Assets.xcassets; sourceTree = "<group>"; };
		9D394B9027C0FCDC006B6B62 /* Base */ = {isa = PBXFileReference; lastKnownFileType = file.storyboard; name = Base; path = Base.lproj/LaunchScreen.storyboard; sourceTree = "<group>"; };
		9D394B9227C0FCDC006B6B62 /* Info.plist */ = {isa = PBXFileReference; lastKnownFileType = text.plist.xml; path = Info.plist; sourceTree = "<group>"; };
		9D394B9A27C0FD19006B6B62 /* CategoryViewController.swift */ = {isa = PBXFileReference; lastKnownFileType = sourcecode.swift; path = CategoryViewController.swift; sourceTree = "<group>"; };
		9D394B9E27C0FD57006B6B62 /* Item.swift */ = {isa = PBXFileReference; lastKnownFileType = sourcecode.swift; path = Item.swift; sourceTree = "<group>"; };
		9D394BA027C0FD64006B6B62 /* Category.swift */ = {isa = PBXFileReference; lastKnownFileType = sourcecode.swift; path = Category.swift; sourceTree = "<group>"; };
		AB7019C60DACE0F9BE508773 /* Pods-Notes-Realm.debug.xcconfig */ = {isa = PBXFileReference; includeInIndex = 1; lastKnownFileType = text.xcconfig; name = "Pods-Notes-Realm.debug.xcconfig"; path = "Target Support Files/Pods-Notes-Realm/Pods-Notes-Realm.debug.xcconfig"; sourceTree = "<group>"; };
		AF7065669FAE0F9EB81EB22A /* Pods-Notes-Realm.release.xcconfig */ = {isa = PBXFileReference; includeInIndex = 1; lastKnownFileType = text.xcconfig; name = "Pods-Notes-Realm.release.xcconfig"; path = "Target Support Files/Pods-Notes-Realm/Pods-Notes-Realm.release.xcconfig"; sourceTree = "<group>"; };
/* End PBXFileReference section */

/* Begin PBXFrameworksBuildPhase section */
		9D394B7E27C0FCDB006B6B62 /* Frameworks */ = {
			isa = PBXFrameworksBuildPhase;
			buildActionMask = 2147483647;
			files = (
				E613EA530D30A659AC4FFE02 /* Pods_Notes_Realm.framework in Frameworks */,
			);
			runOnlyForDeploymentPostprocessing = 0;
		};
/* End PBXFrameworksBuildPhase section */

/* Begin PBXGroup section */
		9D394B7827C0FCDA006B6B62 = {
			isa = PBXGroup;
			children = (
				9D394B8327C0FCDB006B6B62 /* Notes-Realm */,
				9D394B8227C0FCDB006B6B62 /* Products */,
				B6FEC0BBEE50A94F0B2A5388 /* Pods */,
				BB79DD9A41DA179243B67ABA /* Frameworks */,
			);
			sourceTree = "<group>";
		};
		9D394B8227C0FCDB006B6B62 /* Products */ = {
			isa = PBXGroup;
			children = (
				9D394B8127C0FCDB006B6B62 /* Notes-Realm.app */,
			);
			name = Products;
			sourceTree = "<group>";
		};
		9D394B8327C0FCDB006B6B62 /* Notes-Realm */ = {
			isa = PBXGroup;
			children = (
				9D394B9827C0FCF7006B6B62 /* Delegate */,
				9D394B9927C0FD00006B6B62 /* Controller */,
				9D394B9D27C0FD40006B6B62 /* Data Models */,
				9D394B9C27C0FD2F006B6B62 /* views */,
				9D394B8D27C0FCDC006B6B62 /* Assets.xcassets */,
				9D394B8F27C0FCDC006B6B62 /* LaunchScreen.storyboard */,
				9D394B9227C0FCDC006B6B62 /* Info.plist */,
			);
			path = "Notes-Realm";
			sourceTree = "<group>";
		};
		9D394B9827C0FCF7006B6B62 /* Delegate */ = {
			isa = PBXGroup;
			children = (
				9D394B8427C0FCDB006B6B62 /* AppDelegate.swift */,
				9D394B8627C0FCDB006B6B62 /* SceneDelegate.swift */,
			);
			path = Delegate;
			sourceTree = "<group>";
		};
		9D394B9927C0FD00006B6B62 /* Controller */ = {
			isa = PBXGroup;
			children = (
				9D394B9A27C0FD19006B6B62 /* CategoryViewController.swift */,
				9D394B8827C0FCDB006B6B62 /* NotesViewController.swift */,
			);
			path = Controller;
			sourceTree = "<group>";
		};
		9D394B9C27C0FD2F006B6B62 /* views */ = {
			isa = PBXGroup;
			children = (
				9D394B8A27C0FCDB006B6B62 /* Main.storyboard */,
			);
			path = views;
			sourceTree = "<group>";
		};
		9D394B9D27C0FD40006B6B62 /* Data Models */ = {
			isa = PBXGroup;
			children = (
				9D394BA027C0FD64006B6B62 /* Category.swift */,
				9D394B9E27C0FD57006B6B62 /* Item.swift */,
			);
			path = "Data Models";
			sourceTree = "<group>";
		};
		B6FEC0BBEE50A94F0B2A5388 /* Pods */ = {
			isa = PBXGroup;
			children = (
				AB7019C60DACE0F9BE508773 /* Pods-Notes-Realm.debug.xcconfig */,
				AF7065669FAE0F9EB81EB22A /* Pods-Notes-Realm.release.xcconfig */,
			);
			name = Pods;
			path = Pods;
			sourceTree = "<group>";
		};
		BB79DD9A41DA179243B67ABA /* Frameworks */ = {
			isa = PBXGroup;
			children = (
				985108808C19ABA6E1C013A5 /* Pods_Notes_Realm.framework */,
			);
			name = Frameworks;
			sourceTree = "<group>";
		};
/* End PBXGroup section */

/* Begin PBXNativeTarget section */
		9D394B8027C0FCDB006B6B62 /* Notes-Realm */ = {
			isa = PBXNativeTarget;
			buildConfigurationList = 9D394B9527C0FCDC006B6B62 /* Build configuration list for PBXNativeTarget "Notes-Realm" */;
			buildPhases = (
				E2A4DB9A6C43CB88785F2362 /* [CP] Check Pods Manifest.lock */,
				9D394B7D27C0FCDB006B6B62 /* Sources */,
				9D394B7E27C0FCDB006B6B62 /* Frameworks */,
				9D394B7F27C0FCDB006B6B62 /* Resources */,
				8636F74445BE4310B3C56018 /* [CP] Embed Pods Frameworks */,
			);
			buildRules = (
			);
			dependencies = (
			);
			name = "Notes-Realm";
			productName = "Notes-Realm";
			productReference = 9D394B8127C0FCDB006B6B62 /* Notes-Realm.app */;
			productType = "com.apple.product-type.application";
		};
/* End PBXNativeTarget section */

/* Begin PBXProject section */
		9D394B7927C0FCDA006B6B62 /* Project object */ = {
			isa = PBXProject;
			attributes = {
				BuildIndependentTargetsInParallel = 1;
				LastSwiftUpdateCheck = 1320;
				LastUpgradeCheck = 1320;
				TargetAttributes = {
					9D394B8027C0FCDB006B6B62 = {
						CreatedOnToolsVersion = 13.2.1;
					};
				};
			};
			buildConfigurationList = 9D394B7C27C0FCDA006B6B62 /* Build configuration list for PBXProject "Notes-Realm" */;
			compatibilityVersion = "Xcode 13.0";
			developmentRegion = en;
			hasScannedForEncodings = 0;
			knownRegions = (
				en,
				Base,
			);
			mainGroup = 9D394B7827C0FCDA006B6B62;
			productRefGroup = 9D394B8227C0FCDB006B6B62 /* Products */;
			projectDirPath = "";
			projectRoot = "";
			targets = (
				9D394B8027C0FCDB006B6B62 /* Notes-Realm */,
			);
		};
/* End PBXProject section */

/* Begin PBXResourcesBuildPhase section */
		9D394B7F27C0FCDB006B6B62 /* Resources */ = {
			isa = PBXResourcesBuildPhase;
			buildActionMask = 2147483647;
			files = (
				9D394B9127C0FCDC006B6B62 /* LaunchScreen.storyboard in Resources */,
				9D394B8E27C0FCDC006B6B62 /* Assets.xcassets in Resources */,
				9D394B8C27C0FCDB006B6B62 /* Main.storyboard in Resources */,
			);
			runOnlyForDeploymentPostprocessing = 0;
		};
/* End PBXResourcesBuildPhase section */

/* Begin PBXShellScriptBuildPhase section */
		8636F74445BE4310B3C56018 /* [CP] Embed Pods Frameworks */ = {
			isa = PBXShellScriptBuildPhase;
			buildActionMask = 2147483647;
			files = (
			);
			inputFileListPaths = (
				"${PODS_ROOT}/Target Support Files/Pods-Notes-Realm/Pods-Notes-Realm-frameworks-${CONFIGURATION}-input-files.xcfilelist",
			);
			name = "[CP] Embed Pods Frameworks";
			outputFileListPaths = (
				"${PODS_ROOT}/Target Support Files/Pods-Notes-Realm/Pods-Notes-Realm-frameworks-${CONFIGURATION}-output-files.xcfilelist",
			);
			runOnlyForDeploymentPostprocessing = 0;
			shellPath = /bin/sh;
			shellScript = "\"${PODS_ROOT}/Target Support Files/Pods-Notes-Realm/Pods-Notes-Realm-frameworks.sh\"\n";
			showEnvVarsInLog = 0;
		};
		E2A4DB9A6C43CB88785F2362 /* [CP] Check Pods Manifest.lock */ = {
			isa = PBXShellScriptBuildPhase;
			buildActionMask = 2147483647;
			files = (
			);
			inputFileListPaths = (
			);
			inputPaths = (
				"${PODS_PODFILE_DIR_PATH}/Podfile.lock",
				"${PODS_ROOT}/Manifest.lock",
			);
			name = "[CP] Check Pods Manifest.lock";
			outputFileListPaths = (
			);
			outputPaths = (
				"$(DERIVED_FILE_DIR)/Pods-Notes-Realm-checkManifestLockResult.txt",
			);
			runOnlyForDeploymentPostprocessing = 0;
			shellPath = /bin/sh;
			shellScript = "diff \"${PODS_PODFILE_DIR_PATH}/Podfile.lock\" \"${PODS_ROOT}/Manifest.lock\" > /dev/null\nif [ $? != 0 ] ; then\n    # print error to STDERR\n    echo \"error: The sandbox is not in sync with the Podfile.lock. Run 'pod install' or update your CocoaPods installation.\" >&2\n    exit 1\nfi\n# This output is used by Xcode 'outputs' to avoid re-running this script phase.\necho \"SUCCESS\" > \"${SCRIPT_OUTPUT_FILE_0}\"\n";
			showEnvVarsInLog = 0;
		};
/* End PBXShellScriptBuildPhase section */

/* Begin PBXSourcesBuildPhase section */
		9D394B7D27C0FCDB006B6B62 /* Sources */ = {
			isa = PBXSourcesBuildPhase;
			buildActionMask = 2147483647;
			files = (
				9D394B9F27C0FD57006B6B62 /* Item.swift in Sources */,
				9D394B9B27C0FD19006B6B62 /* CategoryViewController.swift in Sources */,
				9D394B8927C0FCDB006B6B62 /* NotesViewController.swift in Sources */,
				9D394B8527C0FCDB006B6B62 /* AppDelegate.swift in Sources */,
				9D394B8727C0FCDB006B6B62 /* SceneDelegate.swift in Sources */,
				9D394BA127C0FD64006B6B62 /* Category.swift in Sources */,
			);
			runOnlyForDeploymentPostprocessing = 0;
		};
/* End PBXSourcesBuildPhase section */

/* Begin PBXVariantGroup section */
		9D394B8A27C0FCDB006B6B62 /* Main.storyboard */ = {
			isa = PBXVariantGroup;
			children = (
				9D394B8B27C0FCDB006B6B62 /* Base */,
			);
			name = Main.storyboard;
			sourceTree = "<group>";
		};
		9D394B8F27C0FCDC006B6B62 /* LaunchScreen.storyboard */ = {
			isa = PBXVariantGroup;
			children = (
				9D394B9027C0FCDC006B6B62 /* Base */,
			);
			name = LaunchScreen.storyboard;
			sourceTree = "<group>";
		};
/* End PBXVariantGroup section */

/* Begin XCBuildConfiguration section */
		9D394B9327C0FCDC006B6B62 /* Debug */ = {
			isa = XCBuildConfiguration;
			buildSettings = {
				ALWAYS_SEARCH_USER_PATHS = NO;
				CLANG_ANALYZER_NONNULL = YES;
				CLANG_ANALYZER_NUMBER_OBJECT_CONVERSION = YES_AGGRESSIVE;
				CLANG_CXX_LANGUAGE_STANDARD = "gnu++17";
				CLANG_CXX_LIBRARY = "libc++";
				CLANG_ENABLE_MODULES = YES;
				CLANG_ENABLE_OBJC_ARC = YES;
				CLANG_ENABLE_OBJC_WEAK = YES;
				CLANG_WARN_BLOCK_CAPTURE_AUTORELEASING = YES;
				CLANG_WARN_BOOL_CONVERSION = YES;
				CLANG_WARN_COMMA = YES;
				CLANG_WARN_CONSTANT_CONVERSION = YES;
				CLANG_WARN_DEPRECATED_OBJC_IMPLEMENTATIONS = YES;
				CLANG_WARN_DIRECT_OBJC_ISA_USAGE = YES_ERROR;
				CLANG_WARN_DOCUMENTATION_COMMENTS = YES;
				CLANG_WARN_EMPTY_BODY = YES;
				CLANG_WARN_ENUM_CONVERSION = YES;
				CLANG_WARN_INFINITE_RECURSION = YES;
				CLANG_WARN_INT_CONVERSION = YES;
				CLANG_WARN_NON_LITERAL_NULL_CONVERSION = YES;
				CLANG_WARN_OBJC_IMPLICIT_RETAIN_SELF = YES;
				CLANG_WARN_OBJC_LITERAL_CONVERSION = YES;
				CLANG_WARN_OBJC_ROOT_CLASS = YES_ERROR;
				CLANG_WARN_QUOTED_INCLUDE_IN_FRAMEWORK_HEADER = YES;
				CLANG_WARN_RANGE_LOOP_ANALYSIS = YES;
				CLANG_WARN_STRICT_PROTOTYPES = YES;
				CLANG_WARN_SUSPICIOUS_MOVE = YES;
				CLANG_WARN_UNGUARDED_AVAILABILITY = YES_AGGRESSIVE;
				CLANG_WARN_UNREACHABLE_CODE = YES;
				CLANG_WARN__DUPLICATE_METHOD_MATCH = YES;
				COPY_PHASE_STRIP = NO;
				DEBUG_INFORMATION_FORMAT = dwarf;
				ENABLE_STRICT_OBJC_MSGSEND = YES;
				ENABLE_TESTABILITY = YES;
				GCC_C_LANGUAGE_STANDARD = gnu11;
				GCC_DYNAMIC_NO_PIC = NO;
				GCC_NO_COMMON_BLOCKS = YES;
				GCC_OPTIMIZATION_LEVEL = 0;
				GCC_PREPROCESSOR_DEFINITIONS = (
					"DEBUG=1",
					"$(inherited)",
				);
				GCC_WARN_64_TO_32_BIT_CONVERSION = YES;
				GCC_WARN_ABOUT_RETURN_TYPE = YES_ERROR;
				GCC_WARN_UNDECLARED_SELECTOR = YES;
				GCC_WARN_UNINITIALIZED_AUTOS = YES_AGGRESSIVE;
				GCC_WARN_UNUSED_FUNCTION = YES;
				GCC_WARN_UNUSED_VARIABLE = YES;
				IPHONEOS_DEPLOYMENT_TARGET = 15.2;
				MTL_ENABLE_DEBUG_INFO = INCLUDE_SOURCE;
				MTL_FAST_MATH = YES;
				ONLY_ACTIVE_ARCH = YES;
				SDKROOT = iphoneos;
				SWIFT_ACTIVE_COMPILATION_CONDITIONS = DEBUG;
				SWIFT_OPTIMIZATION_LEVEL = "-Onone";
			};
			name = Debug;
		};
		9D394B9427C0FCDC006B6B62 /* Release */ = {
			isa = XCBuildConfiguration;
			buildSettings = {
				ALWAYS_SEARCH_USER_PATHS = NO;
				CLANG_ANALYZER_NONNULL = YES;
				CLANG_ANALYZER_NUMBER_OBJECT_CONVERSION = YES_AGGRESSIVE;
				CLANG_CXX_LANGUAGE_STANDARD = "gnu++17";
				CLANG_CXX_LIBRARY = "libc++";
				CLANG_ENABLE_MODULES = YES;
				CLANG_ENABLE_OBJC_ARC = YES;
				CLANG_ENABLE_OBJC_WEAK = YES;
				CLANG_WARN_BLOCK_CAPTURE_AUTORELEASING = YES;
				CLANG_WARN_BOOL_CONVERSION = YES;
				CLANG_WARN_COMMA = YES;
				CLANG_WARN_CONSTANT_CONVERSION = YES;
				CLANG_WARN_DEPRECATED_OBJC_IMPLEMENTATIONS = YES;
				CLANG_WARN_DIRECT_OBJC_ISA_USAGE = YES_ERROR;
				CLANG_WARN_DOCUMENTATION_COMMENTS = YES;
				CLANG_WARN_EMPTY_BODY = YES;
				CLANG_WARN_ENUM_CONVERSION = YES;
				CLANG_WARN_INFINITE_RECURSION = YES;
				CLANG_WARN_INT_CONVERSION = YES;
				CLANG_WARN_NON_LITERAL_NULL_CONVERSION = YES;
				CLANG_WARN_OBJC_IMPLICIT_RETAIN_SELF = YES;
				CLANG_WARN_OBJC_LITERAL_CONVERSION = YES;
				CLANG_WARN_OBJC_ROOT_CLASS = YES_ERROR;
				CLANG_WARN_QUOTED_INCLUDE_IN_FRAMEWORK_HEADER = YES;
				CLANG_WARN_RANGE_LOOP_ANALYSIS = YES;
				CLANG_WARN_STRICT_PROTOTYPES = YES;
				CLANG_WARN_SUSPICIOUS_MOVE = YES;
				CLANG_WARN_UNGUARDED_AVAILABILITY = YES_AGGRESSIVE;
				CLANG_WARN_UNREACHABLE_CODE = YES;
				CLANG_WARN__DUPLICATE_METHOD_MATCH = YES;
				COPY_PHASE_STRIP = NO;
				DEBUG_INFORMATION_FORMAT = "dwarf-with-dsym";
				ENABLE_NS_ASSERTIONS = NO;
				ENABLE_STRICT_OBJC_MSGSEND = YES;
				GCC_C_LANGUAGE_STANDARD = gnu11;
				GCC_NO_COMMON_BLOCKS = YES;
				GCC_WARN_64_TO_32_BIT_CONVERSION = YES;
				GCC_WARN_ABOUT_RETURN_TYPE = YES_ERROR;
				GCC_WARN_UNDECLARED_SELECTOR = YES;
				GCC_WARN_UNINITIALIZED_AUTOS = YES_AGGRESSIVE;
				GCC_WARN_UNUSED_FUNCTION = YES;
				GCC_WARN_UNUSED_VARIABLE = YES;
				IPHONEOS_DEPLOYMENT_TARGET = 15.2;
				MTL_ENABLE_DEBUG_INFO = NO;
				MTL_FAST_MATH = YES;
				SDKROOT = iphoneos;
				SWIFT_COMPILATION_MODE = wholemodule;
				SWIFT_OPTIMIZATION_LEVEL = "-O";
				VALIDATE_PRODUCT = YES;
			};
			name = Release;
		};
		9D394B9627C0FCDC006B6B62 /* Debug */ = {
			isa = XCBuildConfiguration;
			baseConfigurationReference = AB7019C60DACE0F9BE508773 /* Pods-Notes-Realm.debug.xcconfig */;
			buildSettings = {
				ASSETCATALOG_COMPILER_APPICON_NAME = AppIcon;
				ASSETCATALOG_COMPILER_GLOBAL_ACCENT_COLOR_NAME = AccentColor;
				CODE_SIGN_STYLE = Automatic;
				CURRENT_PROJECT_VERSION = 1;
				GENERATE_INFOPLIST_FILE = YES;
				INFOPLIST_FILE = "Notes-Realm/Info.plist";
				INFOPLIST_KEY_UIApplicationSupportsIndirectInputEvents = YES;
				INFOPLIST_KEY_UILaunchStoryboardName = LaunchScreen;
				INFOPLIST_KEY_UIMainStoryboardFile = Main;
				INFOPLIST_KEY_UISupportedInterfaceOrientations_iPad = "UIInterfaceOrientationPortrait UIInterfaceOrientationPortraitUpsideDown UIInterfaceOrientationLandscapeLeft UIInterfaceOrientationLandscapeRight";
				INFOPLIST_KEY_UISupportedInterfaceOrientations_iPhone = "UIInterfaceOrientationPortrait UIInterfaceOrientationLandscapeLeft UIInterfaceOrientationLandscapeRight";
				LD_RUNPATH_SEARCH_PATHS = (
					"$(inherited)",
					"@executable_path/Frameworks",
				);
				MARKETING_VERSION = 1.0;
				PRODUCT_BUNDLE_IDENTIFIER = "com.maheshwaran.Notes-Realm";
				PRODUCT_NAME = "$(TARGET_NAME)";
				SWIFT_EMIT_LOC_STRINGS = YES;
				SWIFT_VERSION = 5.0;
				TARGETED_DEVICE_FAMILY = "1,2";
			};
			name = Debug;
		};
		9D394B9727C0FCDC006B6B62 /* Release */ = {
			isa = XCBuildConfiguration;
			baseConfigurationReference = AF7065669FAE0F9EB81EB22A /* Pods-Notes-Realm.release.xcconfig */;
			buildSettings = {
				ASSETCATALOG_COMPILER_APPICON_NAME = AppIcon;
				ASSETCATALOG_COMPILER_GLOBAL_ACCENT_COLOR_NAME = AccentColor;
				CODE_SIGN_STYLE = Automatic;
				CURRENT_PROJECT_VERSION = 1;
				GENERATE_INFOPLIST_FILE = YES;
				INFOPLIST_FILE = "Notes-Realm/Info.plist";
				INFOPLIST_KEY_UIApplicationSupportsIndirectInputEvents = YES;
				INFOPLIST_KEY_UILaunchStoryboardName = LaunchScreen;
				INFOPLIST_KEY_UIMainStoryboardFile = Main;
				INFOPLIST_KEY_UISupportedInterfaceOrientations_iPad = "UIInterfaceOrientationPortrait UIInterfaceOrientationPortraitUpsideDown UIInterfaceOrientationLandscapeLeft UIInterfaceOrientationLandscapeRight";
				INFOPLIST_KEY_UISupportedInterfaceOrientations_iPhone = "UIInterfaceOrientationPortrait UIInterfaceOrientationLandscapeLeft UIInterfaceOrientationLandscapeRight";
				LD_RUNPATH_SEARCH_PATHS = (
					"$(inherited)",
					"@executable_path/Frameworks",
				);
				MARKETING_VERSION = 1.0;
				PRODUCT_BUNDLE_IDENTIFIER = "com.maheshwaran.Notes-Realm";
				PRODUCT_NAME = "$(TARGET_NAME)";
				SWIFT_EMIT_LOC_STRINGS = YES;
				SWIFT_VERSION = 5.0;
				TARGETED_DEVICE_FAMILY = "1,2";
			};
			name = Release;
		};
/* End XCBuildConfiguration section */

/* Begin XCConfigurationList section */
		9D394B7C27C0FCDA006B6B62 /* Build configuration list for PBXProject "Notes-Realm" */ = {
			isa = XCConfigurationList;
			buildConfigurations = (
				9D394B9327C0FCDC006B6B62 /* Debug */,
				9D394B9427C0FCDC006B6B62 /* Release */,
			);
			defaultConfigurationIsVisible = 0;
			defaultConfigurationName = Release;
		};
		9D394B9527C0FCDC006B6B62 /* Build configuration list for PBXNativeTarget "Notes-Realm" */ = {
			isa = XCConfigurationList;
			buildConfigurations = (
				9D394B9627C0FCDC006B6B62 /* Debug */,
				9D394B9727C0FCDC006B6B62 /* Release */,
			);
			defaultConfigurationIsVisible = 0;
			defaultConfigurationName = Release;
		};
/* End XCConfigurationList section */
	};
	rootObject = 9D394B7927C0FCDA006B6B62 /* Project object */;
}
